
Microsoft Visual Studio Solution File, Format Version 12.00
# Visual Studio Version 17
VisualStudioVersion = 17.0.31912.275
MinimumVisualStudioVersion = 10.0.40219.1
Project("{FAE04EC0-301F-11D3-BF4B-00C04F79EFBC}") = "EmpWage", "EmpWage.csproj", "{B95DF47E-9E50-44B1-B6CC-BC868906061A}"
EndProject
Global
	GlobalSection(SolutionConfigurationPlatforms) = preSolution
		Debug|Any CPU = Debug|Any CPU
		Release|Any CPU = Release|Any CPU
	EndGlobalSection
	GlobalSection(ProjectConfigurationPlatforms) = postSolution
		{B95DF47E-9E50-44B1-B6CC-BC868906061A}.Debug|Any CPU.ActiveCfg = Debug|Any CPU
		{B95DF47E-9E50-44B1-B6CC-BC868906061A}.Debug|Any CPU.Build.0 = Debug|Any CPU
		{B95DF47E-9E50-44B1-B6CC-BC868906061A}.Release|Any CPU.ActiveCfg = Release|Any CPU
		{B95DF47E-9E50-44B1-B6CC-BC868906061A}.Release|Any CPU.Build.0 = Release|Any CPU
	EndGlobalSection
	GlobalSection(SolutionProperties) = preSolution
		HideSolutionNode = FALSE
	EndGlobalSection
	GlobalSection(ExtensibilityGlobals) = postSolution
		SolutionGuid = {47E82B88-E72F-4E53-99A8-58DE14004B94}
	EndGlobalSection
EndGlobal
